// !$*UTF8*$!
{
	archiveVersion = 1;
	classes = {
	};
	objectVersion = 77;
	objects = {

/* Begin PBXContainerItemProxy section */
		EEED16012E3F3D690094632F /* PBXContainerItemProxy */ = {
			isa = PBXContainerItemProxy;
			containerPortal = EEED15EB2E3F3D670094632F /* Project object */;
			proxyType = 1;
			remoteGlobalIDString = EEED15F22E3F3D670094632F;
			remoteInfo = A4HaoNguyen;
		};
		EEED160B2E3F3D690094632F /* PBXContainerItemProxy */ = {
			isa = PBXContainerItemProxy;
			containerPortal = EEED15EB2E3F3D670094632F /* Project object */;
			proxyType = 1;
			remoteGlobalIDString = EEED15F22E3F3D670094632F;
			remoteInfo = A4HaoNguyen;
		};
/* End PBXContainerItemProxy section */

/* Begin PBXFileReference section */
		EEED15F32E3F3D670094632F /* A4HaoNguyen.app */ = {isa = PBXFileReference; explicitFileType = wrapper.application; includeInIndex = 0; path = A4HaoNguyen.app; sourceTree = BUILT_PRODUCTS_DIR; };
		EEED16002E3F3D690094632F /* A4HaoNguyenTests.xctest */ = {isa = PBXFileReference; explicitFileType = wrapper.cfbundle; includeInIndex = 0; path = A4HaoNguyenTests.xctest; sourceTree = BUILT_PRODUCTS_DIR; };
		EEED160A2E3F3D690094632F /* A4HaoNguyenUITests.xctest */ = {isa = PBXFileReference; explicitFileType = wrapper.cfbundle; includeInIndex = 0; path = A4HaoNguyenUITests.xctest; sourceTree = BUILT_PRODUCTS_DIR; };
/* End PBXFileReference section */

/* Begin PBXFileSystemSynchronizedRootGroup section */
		EEED15F52E3F3D670094632F /* A4HaoNguyen */ = {
			isa = PBXFileSystemSynchronizedRootGroup;
			path = A4HaoNguyen;
			sourceTree = "<group>";
		};
		EEED16032E3F3D690094632F /* A4HaoNguyenTests */ = {
			isa = PBXFileSystemSynchronizedRootGroup;
			path = A4HaoNguyenTests;
			sourceTree = "<group>";
		};
		EEED160D2E3F3D690094632F /* A4HaoNguyenUITests */ = {
			isa = PBXFileSystemSynchronizedRootGroup;
			path = A4HaoNguyenUITests;
			sourceTree = "<group>";
		};
/* End PBXFileSystemSynchronizedRootGroup section */

/* Begin PBXFrameworksBuildPhase section */
		EEED15F02E3F3D670094632F /* Frameworks */ = {
			isa = PBXFrameworksBuildPhase;
			buildActionMask = 2147483647;
			files = (
			);
			runOnlyForDeploymentPostprocessing = 0;
		};
		EEED15FD2E3F3D690094632F /* Frameworks */ = {
			isa = PBXFrameworksBuildPhase;
			buildActionMask = 2147483647;
			files = (
			);
			runOnlyForDeploymentPostprocessing = 0;
		};
		EEED16072E3F3D690094632F /* Frameworks */ = {
			isa = PBXFrameworksBuildPhase;
			buildActionMask = 2147483647;
			files = (
			);
			runOnlyForDeploymentPostprocessing = 0;
		};
/* End PBXFrameworksBuildPhase section */

/* Begin PBXGroup section */
		EEED15EA2E3F3D670094632F = {
			isa = PBXGroup;
			children = (
				EEED15F52E3F3D670094632F /* A4HaoNguyen */,
				EEED16032E3F3D690094632F /* A4HaoNguyenTests */,
				EEED160D2E3F3D690094632F /* A4HaoNguyenUITests */,
				EEED15F42E3F3D670094632F /* Products */,
			);
			sourceTree = "<group>";
		};
		EEED15F42E3F3D670094632F /* Products */ = {
			isa = PBXGroup;
			children = (
				EEED15F32E3F3D670094632F /* A4HaoNguyen.app */,
				EEED16002E3F3D690094632F /* A4HaoNguyenTests.xctest */,
				EEED160A2E3F3D690094632F /* A4HaoNguyenUITests.xctest */,
			);
			name = Products;
			sourceTree = "<group>";
		};
/* End PBXGroup section */

/* Begin PBXNativeTarget section */
		EEED15F22E3F3D670094632F /* A4HaoNguyen */ = {
			isa = PBXNativeTarget;
			buildConfigurationList = EEED16142E3F3D690094632F /* Build configuration list for PBXNativeTarget "A4HaoNguyen" */;
			buildPhases = (
				EEED15EF2E3F3D670094632F /* Sources */,
				EEED15F02E3F3D670094632F /* Frameworks */,
				EEED15F12E3F3D670094632F /* Resources */,
			);
			buildRules = (
			);
			dependencies = (
			);
			fileSystemSynchronizedGroups = (
				EEED15F52E3F3D670094632F /* A4HaoNguyen */,
			);
			name = A4HaoNguyen;
			packageProductDependencies = (
			);
			productName = A4HaoNguyen;
			productReference = EEED15F32E3F3D670094632F /* A4HaoNguyen.app */;
			productType = "com.apple.product-type.application";
		};
		EEED15FF2E3F3D690094632F /* A4HaoNguyenTests */ = {
			isa = PBXNativeTarget;
			buildConfigurationList = EEED16172E3F3D690094632F /* Build configuration list for PBXNativeTarget "A4HaoNguyenTests" */;
			buildPhases = (
				EEED15FC2E3F3D690094632F /* Sources */,
				EEED15FD2E3F3D690094632F /* Frameworks */,
				EEED15FE2E3F3D690094632F /* Resources */,
			);
			buildRules = (
			);
			dependencies = (
				EEED16022E3F3D690094632F /* PBXTargetDependency */,
			);
			fileSystemSynchronizedGroups = (
				EEED16032E3F3D690094632F /* A4HaoNguyenTests */,
			);
			name = A4HaoNguyenTests;
			packageProductDependencies = (
			);
			productName = A4HaoNguyenTests;
			productReference = EEED16002E3F3D690094632F /* A4HaoNguyenTests.xctest */;
			productType = "com.apple.product-type.bundle.unit-test";
		};
		EEED16092E3F3D690094632F /* A4HaoNguyenUITests */ = {
			isa = PBXNativeTarget;
			buildConfigurationList = EEED161A2E3F3D690094632F /* Build configuration list for PBXNativeTarget "A4HaoNguyenUITests" */;
			buildPhases = (
				EEED16062E3F3D690094632F /* Sources */,
				EEED16072E3F3D690094632F /* Frameworks */,
				EEED16082E3F3D690094632F /* Resources */,
			);
			buildRules = (
			);
			dependencies = (
				EEED160C2E3F3D690094632F /* PBXTargetDependency */,
			);
			fileSystemSynchronizedGroups = (
				EEED160D2E3F3D690094632F /* A4HaoNguyenUITests */,
			);
			name = A4HaoNguyenUITests;
			packageProductDependencies = (
			);
			productName = A4HaoNguyenUITests;
			productReference = EEED160A2E3F3D690094632F /* A4HaoNguyenUITests.xctest */;
			productType = "com.apple.product-type.bundle.ui-testing";
		};
/* End PBXNativeTarget section */

/* Begin PBXProject section */
		EEED15EB2E3F3D670094632F /* Project object */ = {
			isa = PBXProject;
			attributes = {
				BuildIndependentTargetsInParallel = 1;
				LastSwiftUpdateCheck = 1630;
				LastUpgradeCheck = 1630;
				TargetAttributes = {
					EEED15F22E3F3D670094632F = {
						CreatedOnToolsVersion = 16.3;
					};
					EEED15FF2E3F3D690094632F = {
						CreatedOnToolsVersion = 16.3;
						TestTargetID = EEED15F22E3F3D670094632F;
					};
					EEED16092E3F3D690094632F = {
						CreatedOnToolsVersion = 16.3;
						TestTargetID = EEED15F22E3F3D670094632F;
					};
				};
			};
			buildConfigurationList = EEED15EE2E3F3D670094632F /* Build configuration list for PBXProject "A4HaoNguyen" */;
			developmentRegion = en;
			hasScannedForEncodings = 0;
			knownRegions = (
				en,
				Base,
			);
			mainGroup = EEED15EA2E3F3D670094632F;
			minimizedProjectReferenceProxies = 1;
			preferredProjectObjectVersion = 77;
			productRefGroup = EEED15F42E3F3D670094632F /* Products */;
			projectDirPath = "";
			projectRoot = "";
			targets = (
				EEED15F22E3F3D670094632F /* A4HaoNguyen */,
				EEED15FF2E3F3D690094632F /* A4HaoNguyenTests */,
				EEED16092E3F3D690094632F /* A4HaoNguyenUITests */,
			);
		};
/* End PBXProject section */

/* Begin PBXResourcesBuildPhase section */
		EEED15F12E3F3D670094632F /* Resources */ = {
			isa = PBXResourcesBuildPhase;
			buildActionMask = 2147483647;
			files = (
			);
			runOnlyForDeploymentPostprocessing = 0;
		};
		EEED15FE2E3F3D690094632F /* Resources */ = {
			isa = PBXResourcesBuildPhase;
			buildActionMask = 2147483647;
			files = (
			);
			runOnlyForDeploymentPostprocessing = 0;
		};
		EEED16082E3F3D690094632F /* Resources */ = {
			isa = PBXResourcesBuildPhase;
			buildActionMask = 2147483647;
			files = (
			);
			runOnlyForDeploymentPostprocessing = 0;
		};
/* End PBXResourcesBuildPhase section */

/* Begin PBXSourcesBuildPhase section */
		EEED15EF2E3F3D670094632F /* Sources */ = {
			isa = PBXSourcesBuildPhase;
			buildActionMask = 2147483647;
			files = (
			);
			runOnlyForDeploymentPostprocessing = 0;
		};
		EEED15FC2E3F3D690094632F /* Sources */ = {
			isa = PBXSourcesBuildPhase;
			buildActionMask = 2147483647;
			files = (
			);
			runOnlyForDeploymentPostprocessing = 0;
		};
		EEED16062E3F3D690094632F /* Sources */ = {
			isa = PBXSourcesBuildPhase;
			buildActionMask = 2147483647;
			files = (
			);
			runOnlyForDeploymentPostprocessing = 0;
		};
/* End PBXSourcesBuildPhase section */

/* Begin PBXTargetDependency section */
		EEED16022E3F3D690094632F /* PBXTargetDependency */ = {
			isa = PBXTargetDependency;
			target = EEED15F22E3F3D670094632F /* A4HaoNguyen */;
			targetProxy = EEED16012E3F3D690094632F /* PBXContainerItemProxy */;
		};
		EEED160C2E3F3D690094632F /* PBXTargetDependency */ = {
			isa = PBXTargetDependency;
			target = EEED15F22E3F3D670094632F /* A4HaoNguyen */;
			targetProxy = EEED160B2E3F3D690094632F /* PBXContainerItemProxy */;
		};
/* End PBXTargetDependency section */

/* Begin XCBuildConfiguration section */
		EEED16122E3F3D690094632F /* Debug */ = {
			isa = XCBuildConfiguration;
			buildSettings = {
				ALWAYS_SEARCH_USER_PATHS = NO;
				ASSETCATALOG_COMPILER_GENERATE_SWIFT_ASSET_SYMBOL_EXTENSIONS = YES;
				CLANG_ANALYZER_NONNULL = YES;
				CLANG_ANALYZER_NUMBER_OBJECT_CONVERSION = YES_AGGRESSIVE;
				CLANG_CXX_LANGUAGE_STANDARD = "gnu++20";
				CLANG_ENABLE_MODULES = YES;
				CLANG_ENABLE_OBJC_ARC = YES;
				CLANG_ENABLE_OBJC_WEAK = YES;
				CLANG_WARN_BLOCK_CAPTURE_AUTORELEASING = YES;
				CLANG_WARN_BOOL_CONVERSION = YES;
				CLANG_WARN_COMMA = YES;
				CLANG_WARN_CONSTANT_CONVERSION = YES;
				CLANG_WARN_DEPRECATED_OBJC_IMPLEMENTATIONS = YES;
				CLANG_WARN_DIRECT_OBJC_ISA_USAGE = YES_ERROR;
				CLANG_WARN_DOCUMENTATION_COMMENTS = YES;
				CLANG_WARN_EMPTY_BODY = YES;
				CLANG_WARN_ENUM_CONVERSION = YES;
				CLANG_WARN_INFINITE_RECURSION = YES;
				CLANG_WARN_INT_CONVERSION = YES;
				CLANG_WARN_NON_LITERAL_NULL_CONVERSION = YES;
				CLANG_WARN_OBJC_IMPLICIT_RETAIN_SELF = YES;
				CLANG_WARN_OBJC_LITERAL_CONVERSION = YES;
				CLANG_WARN_OBJC_ROOT_CLASS = YES_ERROR;
				CLANG_WARN_QUOTED_INCLUDE_IN_FRAMEWORK_HEADER = YES;
				CLANG_WARN_RANGE_LOOP_ANALYSIS = YES;
				CLANG_WARN_STRICT_PROTOTYPES = YES;
				CLANG_WARN_SUSPICIOUS_MOVE = YES;
				CLANG_WARN_UNGUARDED_AVAILABILITY = YES_AGGRESSIVE;
				CLANG_WARN_UNREACHABLE_CODE = YES;
				CLANG_WARN__DUPLICATE_METHOD_MATCH = YES;
				COPY_PHASE_STRIP = NO;
				DEBUG_INFORMATION_FORMAT = dwarf;
				ENABLE_STRICT_OBJC_MSGSEND = YES;
				ENABLE_TESTABILITY = YES;
				ENABLE_USER_SCRIPT_SANDBOXING = YES;
				GCC_C_LANGUAGE_STANDARD = gnu17;
				GCC_DYNAMIC_NO_PIC = NO;
				GCC_NO_COMMON_BLOCKS = YES;
				GCC_OPTIMIZATION_LEVEL = 0;
				GCC_PREPROCESSOR_DEFINITIONS = (
					"DEBUG=1",
					"$(inherited)",
				);
				GCC_WARN_64_TO_32_BIT_CONVERSION = YES;
				GCC_WARN_ABOUT_RETURN_TYPE = YES_ERROR;
				GCC_WARN_UNDECLARED_SELECTOR = YES;
				GCC_WARN_UNINITIALIZED_AUTOS = YES_AGGRESSIVE;
				GCC_WARN_UNUSED_FUNCTION = YES;
				GCC_WARN_UNUSED_VARIABLE = YES;
				IPHONEOS_DEPLOYMENT_TARGET = 18.4;
				LOCALIZATION_PREFERS_STRING_CATALOGS = YES;
				MTL_ENABLE_DEBUG_INFO = INCLUDE_SOURCE;
				MTL_FAST_MATH = YES;
				ONLY_ACTIVE_ARCH = YES;
				SDKROOT = iphoneos;
				SWIFT_ACTIVE_COMPILATION_CONDITIONS = "DEBUG $(inherited)";
				SWIFT_OPTIMIZATION_LEVEL = "-Onone";
			};
			name = Debug;
		};
		EEED16132E3F3D690094632F /* Release */ = {
			isa = XCBuildConfiguration;
			buildSettings = {
				ALWAYS_SEARCH_USER_PATHS = NO;
				ASSETCATALOG_COMPILER_GENERATE_SWIFT_ASSET_SYMBOL_EXTENSIONS = YES;
				CLANG_ANALYZER_NONNULL = YES;
				CLANG_ANALYZER_NUMBER_OBJECT_CONVERSION = YES_AGGRESSIVE;
				CLANG_CXX_LANGUAGE_STANDARD = "gnu++20";
				CLANG_ENABLE_MODULES = YES;
				CLANG_ENABLE_OBJC_ARC = YES;
				CLANG_ENABLE_OBJC_WEAK = YES;
				CLANG_WARN_BLOCK_CAPTURE_AUTORELEASING = YES;
				CLANG_WARN_BOOL_CONVERSION = YES;
				CLANG_WARN_COMMA = YES;
				CLANG_WARN_CONSTANT_CONVERSION = YES;
				CLANG_WARN_DEPRECATED_OBJC_IMPLEMENTATIONS = YES;
				CLANG_WARN_DIRECT_OBJC_ISA_USAGE = YES_ERROR;
				CLANG_WARN_DOCUMENTATION_COMMENTS = YES;
				CLANG_WARN_EMPTY_BODY = YES;
				CLANG_WARN_ENUM_CONVERSION = YES;
				CLANG_WARN_INFINITE_RECURSION = YES;
				CLANG_WARN_INT_CONVERSION = YES;
				CLANG_WARN_NON_LITERAL_NULL_CONVERSION = YES;
				CLANG_WARN_OBJC_IMPLICIT_RETAIN_SELF = YES;
				CLANG_WARN_OBJC_LITERAL_CONVERSION = YES;
				CLANG_WARN_OBJC_ROOT_CLASS = YES_ERROR;
				CLANG_WARN_QUOTED_INCLUDE_IN_FRAMEWORK_HEADER = YES;
				CLANG_WARN_RANGE_LOOP_ANALYSIS = YES;
				CLANG_WARN_STRICT_PROTOTYPES = YES;
				CLANG_WARN_SUSPICIOUS_MOVE = YES;
				CLANG_WARN_UNGUARDED_AVAILABILITY = YES_AGGRESSIVE;
				CLANG_WARN_UNREACHABLE_CODE = YES;
				CLANG_WARN__DUPLICATE_METHOD_MATCH = YES;
				COPY_PHASE_STRIP = NO;
				DEBUG_INFORMATION_FORMAT = "dwarf-with-dsym";
				ENABLE_NS_ASSERTIONS = NO;
				ENABLE_STRICT_OBJC_MSGSEND = YES;
				ENABLE_USER_SCRIPT_SANDBOXING = YES;
				GCC_C_LANGUAGE_STANDARD = gnu17;
				GCC_NO_COMMON_BLOCKS = YES;
				GCC_WARN_64_TO_32_BIT_CONVERSION = YES;
				GCC_WARN_ABOUT_RETURN_TYPE = YES_ERROR;
				GCC_WARN_UNDECLARED_SELECTOR = YES;
				GCC_WARN_UNINITIALIZED_AUTOS = YES_AGGRESSIVE;
				GCC_WARN_UNUSED_FUNCTION = YES;
				GCC_WARN_UNUSED_VARIABLE = YES;
				IPHONEOS_DEPLOYMENT_TARGET = 18.4;
				LOCALIZATION_PREFERS_STRING_CATALOGS = YES;
				MTL_ENABLE_DEBUG_INFO = NO;
				MTL_FAST_MATH = YES;
				SDKROOT = iphoneos;
				SWIFT_COMPILATION_MODE = wholemodule;
				VALIDATE_PRODUCT = YES;
			};
			name = Release;
		};
		EEED16152E3F3D690094632F /* Debug */ = {
			isa = XCBuildConfiguration;
			buildSettings = {
				ASSETCATALOG_COMPILER_APPICON_NAME = AppIcon;
				ASSETCATALOG_COMPILER_GLOBAL_ACCENT_COLOR_NAME = AccentColor;
				CODE_SIGN_STYLE = Automatic;
				CURRENT_PROJECT_VERSION = 1;
				ENABLE_PREVIEWS = YES;
				GENERATE_INFOPLIST_FILE = YES;
				INFOPLIST_KEY_UIApplicationSceneManifest_Generation = YES;
				INFOPLIST_KEY_UIApplicationSupportsIndirectInputEvents = YES;
				INFOPLIST_KEY_UILaunchScreen_Generation = YES;
				INFOPLIST_KEY_UISupportedInterfaceOrientations_iPad = "UIInterfaceOrientationPortrait UIInterfaceOrientationPortraitUpsideDown UIInterfaceOrientationLandscapeLeft UIInterfaceOrientationLandscapeRight";
				INFOPLIST_KEY_UISupportedInterfaceOrientations_iPhone = "UIInterfaceOrientationPortrait UIInterfaceOrientationLandscapeLeft UIInterfaceOrientationLandscapeRight";
				LD_RUNPATH_SEARCH_PATHS = (
					"$(inherited)",
					"@executable_path/Frameworks",
				);
				MARKETING_VERSION = 1.0;
				PRODUCT_BUNDLE_IDENTIFIER = sheridan.A4HaoNguyen;
				PRODUCT_NAME = "$(TARGET_NAME)";
				SWIFT_EMIT_LOC_STRINGS = YES;
				SWIFT_VERSION = 5.0;
				TARGETED_DEVICE_FAMILY = "1,2";
			};
			name = Debug;
		};
		EEED16162E3F3D690094632F /* Release */ = {
			isa = XCBuildConfiguration;
			buildSettings = {
				ASSETCATALOG_COMPILER_APPICON_NAME = AppIcon;
				ASSETCATALOG_COMPILER_GLOBAL_ACCENT_COLOR_NAME = AccentColor;
				CODE_SIGN_STYLE = Automatic;
				CURRENT_PROJECT_VERSION = 1;
				ENABLE_PREVIEWS = YES;
				GENERATE_INFOPLIST_FILE = YES;
				INFOPLIST_KEY_UIApplicationSceneManifest_Generation = YES;
				INFOPLIST_KEY_UIApplicationSupportsIndirectInputEvents = YES;
				INFOPLIST_KEY_UILaunchScreen_Generation = YES;
				INFOPLIST_KEY_UISupportedInterfaceOrientations_iPad = "UIInterfaceOrientationPortrait UIInterfaceOrientationPortraitUpsideDown UIInterfaceOrientationLandscapeLeft UIInterfaceOrientationLandscapeRight";
				INFOPLIST_KEY_UISupportedInterfaceOrientations_iPhone = "UIInterfaceOrientationPortrait UIInterfaceOrientationLandscapeLeft UIInterfaceOrientationLandscapeRight";
				LD_RUNPATH_SEARCH_PATHS = (
					"$(inherited)",
					"@executable_path/Frameworks",
				);
				MARKETING_VERSION = 1.0;
				PRODUCT_BUNDLE_IDENTIFIER = sheridan.A4HaoNguyen;
				PRODUCT_NAME = "$(TARGET_NAME)";
				SWIFT_EMIT_LOC_STRINGS = YES;
				SWIFT_VERSION = 5.0;
				TARGETED_DEVICE_FAMILY = "1,2";
			};
			name = Release;
		};
		EEED16182E3F3D690094632F /* Debug */ = {
			isa = XCBuildConfiguration;
			buildSettings = {
				BUNDLE_LOADER = "$(TEST_HOST)";
				CODE_SIGN_STYLE = Automatic;
				CURRENT_PROJECT_VERSION = 1;
				GENERATE_INFOPLIST_FILE = YES;
				IPHONEOS_DEPLOYMENT_TARGET = 18.4;
				MARKETING_VERSION = 1.0;
				PRODUCT_BUNDLE_IDENTIFIER = sheridan.A4HaoNguyenTests;
				PRODUCT_NAME = "$(TARGET_NAME)";
				SWIFT_EMIT_LOC_STRINGS = NO;
				SWIFT_VERSION = 5.0;
				TARGETED_DEVICE_FAMILY = "1,2";
				TEST_HOST = "$(BUILT_PRODUCTS_DIR)/A4HaoNguyen.app/$(BUNDLE_EXECUTABLE_FOLDER_PATH)/A4HaoNguyen";
			};
			name = Debug;
		};
		EEED16192E3F3D690094632F /* Release */ = {
			isa = XCBuildConfiguration;
			buildSettings = {
				BUNDLE_LOADER = "$(TEST_HOST)";
				CODE_SIGN_STYLE = Automatic;
				CURRENT_PROJECT_VERSION = 1;
				GENERATE_INFOPLIST_FILE = YES;
				IPHONEOS_DEPLOYMENT_TARGET = 18.4;
				MARKETING_VERSION = 1.0;
				PRODUCT_BUNDLE_IDENTIFIER = sheridan.A4HaoNguyenTests;
				PRODUCT_NAME = "$(TARGET_NAME)";
				SWIFT_EMIT_LOC_STRINGS = NO;
				SWIFT_VERSION = 5.0;
				TARGETED_DEVICE_FAMILY = "1,2";
				TEST_HOST = "$(BUILT_PRODUCTS_DIR)/A4HaoNguyen.app/$(BUNDLE_EXECUTABLE_FOLDER_PATH)/A4HaoNguyen";
			};
			name = Release;
		};
		EEED161B2E3F3D690094632F /* Debug */ = {
			isa = XCBuildConfiguration;
			buildSettings = {
				CODE_SIGN_STYLE = Automatic;
				CURRENT_PROJECT_VERSION = 1;
				GENERATE_INFOPLIST_FILE = YES;
				MARKETING_VERSION = 1.0;
				PRODUCT_BUNDLE_IDENTIFIER = sheridan.A4HaoNguyenUITests;
				PRODUCT_NAME = "$(TARGET_NAME)";
				SWIFT_EMIT_LOC_STRINGS = NO;
				SWIFT_VERSION = 5.0;
				TARGETED_DEVICE_FAMILY = "1,2";
				TEST_TARGET_NAME = A4HaoNguyen;
			};
			name = Debug;
		};
		EEED161C2E3F3D690094632F /* Release */ = {
			isa = XCBuildConfiguration;
			buildSettings = {
				CODE_SIGN_STYLE = Automatic;
				CURRENT_PROJECT_VERSION = 1;
				GENERATE_INFOPLIST_FILE = YES;
				MARKETING_VERSION = 1.0;
				PRODUCT_BUNDLE_IDENTIFIER = sheridan.A4HaoNguyenUITests;
				PRODUCT_NAME = "$(TARGET_NAME)";
				SWIFT_EMIT_LOC_STRINGS = NO;
				SWIFT_VERSION = 5.0;
				TARGETED_DEVICE_FAMILY = "1,2";
				TEST_TARGET_NAME = A4HaoNguyen;
			};
			name = Release;
		};
/* End XCBuildConfiguration section */

/* Begin XCConfigurationList section */
		EEED15EE2E3F3D670094632F /* Build configuration list for PBXProject "A4HaoNguyen" */ = {
			isa = XCConfigurationList;
			buildConfigurations = (
				EEED16122E3F3D690094632F /* Debug */,
				EEED16132E3F3D690094632F /* Release */,
			);
			defaultConfigurationIsVisible = 0;
			defaultConfigurationName = Release;
		};
		EEED16142E3F3D690094632F /* Build configuration list for PBXNativeTarget "A4HaoNguyen" */ = {
			isa = XCConfigurationList;
			buildConfigurations = (
				EEED16152E3F3D690094632F /* Debug */,
				EEED16162E3F3D690094632F /* Release */,
			);
			defaultConfigurationIsVisible = 0;
			defaultConfigurationName = Release;
		};
		EEED16172E3F3D690094632F /* Build configuration list for PBXNativeTarget "A4HaoNguyenTests" */ = {
			isa = XCConfigurationList;
			buildConfigurations = (
				EEED16182E3F3D690094632F /* Debug */,
				EEED16192E3F3D690094632F /* Release */,
			);
			defaultConfigurationIsVisible = 0;
			defaultConfigurationName = Release;
		};
		EEED161A2E3F3D690094632F /* Build configuration list for PBXNativeTarget "A4HaoNguyenUITests" */ = {
			isa = XCConfigurationList;
			buildConfigurations = (
				EEED161B2E3F3D690094632F /* Debug */,
				EEED161C2E3F3D690094632F /* Release */,
			);
			defaultConfigurationIsVisible = 0;
			defaultConfigurationName = Release;
		};
/* End XCConfigurationList section */
	};
	rootObject = EEED15EB2E3F3D670094632F /* Project object */;
}
